
Microsoft Visual Studio Solution File, Format Version 12.00
# Visual Studio Version 17
VisualStudioVersion = 17.8.34525.116
MinimumVisualStudioVersion = 10.0.40219.1
Project("{FAE04EC0-301F-11D3-BF4B-00C04F79EFBC}") = "MauiApp5", "MauiApp5\MauiApp5.csproj", "{B429046F-8DC2-429C-A628-1AEC3343B4B3}"
EndProject
Global
	GlobalSection(SolutionConfigurationPlatforms) = preSolution
		Debug|Any CPU = Debug|Any CPU
		Release|Any CPU = Release|Any CPU
	EndGlobalSection
	GlobalSection(ProjectConfigurationPlatforms) = postSolution
		{B429046F-8DC2-429C-A628-1AEC3343B4B3}.Debug|Any CPU.ActiveCfg = Debug|Any CPU
		{B429046F-8DC2-429C-A628-1AEC3343B4B3}.Debug|Any CPU.Build.0 = Debug|Any CPU
		{B429046F-8DC2-429C-A628-1AEC3343B4B3}.Debug|Any CPU.Deploy.0 = Debug|Any CPU
		{B429046F-8DC2-429C-A628-1AEC3343B4B3}.Release|Any CPU.ActiveCfg = Release|Any CPU
		{B429046F-8DC2-429C-A628-1AEC3343B4B3}.Release|Any CPU.Build.0 = Release|Any CPU
		{B429046F-8DC2-429C-A628-1AEC3343B4B3}.Release|Any CPU.Deploy.0 = Release|Any CPU
	EndGlobalSection
	GlobalSection(SolutionProperties) = preSolution
		HideSolutionNode = FALSE
	EndGlobalSection
	GlobalSection(ExtensibilityGlobals) = postSolution
		SolutionGuid = {81AD38EB-77DE-4765-9B3B-B5CAE2CF5178}
	EndGlobalSection
EndGlobal
